
Microsoft Visual Studio Solution File, Format Version 12.00
# Visual Studio Version 16
VisualStudioVersion = 16.0.30907.101
MinimumVisualStudioVersion = 10.0.40219.1
Project("{FAE04EC0-301F-11D3-BF4B-00C04F79EFBC}") = "RazorPagesWebApplication", "RazorPagesWebApplication\RazorPagesWebApplication.csproj", "{9746EE40-61CF-47EF-846C-D074784C102E}"
EndProject
Global
	GlobalSection(SolutionConfigurationPlatforms) = preSolution
		Debug|Any CPU = Debug|Any CPU
		Release|Any CPU = Release|Any CPU
	EndGlobalSection
	GlobalSection(ProjectConfigurationPlatforms) = postSolution
		{9746EE40-61CF-47EF-846C-D074784C102E}.Debug|Any CPU.ActiveCfg = Debug|Any CPU
		{9746EE40-61CF-47EF-846C-D074784C102E}.Debug|Any CPU.Build.0 = Debug|Any CPU
		{9746EE40-61CF-47EF-846C-D074784C102E}.Release|Any CPU.ActiveCfg = Release|Any CPU
		{9746EE40-61CF-47EF-846C-D074784C102E}.Release|Any CPU.Build.0 = Release|Any CPU
	EndGlobalSection
	GlobalSection(SolutionProperties) = preSolution
		HideSolutionNode = FALSE
	EndGlobalSection
	GlobalSection(ExtensibilityGlobals) = postSolution
		SolutionGuid = {EEB6B9D9-844C-4C19-B630-6D108667B5E7}
	EndGlobalSection
EndGlobal
