
Microsoft Visual Studio Solution File, Format Version 12.00
# Visual Studio Version 16
VisualStudioVersion = 16.0.30907.101
MinimumVisualStudioVersion = 10.0.40219.1
Project("{FAE04EC0-301F-11D3-BF4B-00C04F79EFBC}") = "RecruitCatKodukuje", "RecruitCatKodukuje\RecruitCatKodukuje.csproj", "{CC973453-EF88-48AD-8270-140C2C3CE6A4}"
EndProject
Global
	GlobalSection(SolutionConfigurationPlatforms) = preSolution
		Debug|Any CPU = Debug|Any CPU
		Release|Any CPU = Release|Any CPU
	EndGlobalSection
	GlobalSection(ProjectConfigurationPlatforms) = postSolution
		{CC973453-EF88-48AD-8270-140C2C3CE6A4}.Debug|Any CPU.ActiveCfg = Debug|Any CPU
		{CC973453-EF88-48AD-8270-140C2C3CE6A4}.Debug|Any CPU.Build.0 = Debug|Any CPU
		{CC973453-EF88-48AD-8270-140C2C3CE6A4}.Release|Any CPU.ActiveCfg = Release|Any CPU
		{CC973453-EF88-48AD-8270-140C2C3CE6A4}.Release|Any CPU.Build.0 = Release|Any CPU
	EndGlobalSection
	GlobalSection(SolutionProperties) = preSolution
		HideSolutionNode = FALSE
	EndGlobalSection
	GlobalSection(ExtensibilityGlobals) = postSolution
		SolutionGuid = {E1E84D10-56B8-4764-8F63-9811448FF318}
	EndGlobalSection
EndGlobal
